// !$*UTF8*$!
{
	archiveVersion = 1;
	classes = {
	};
	objectVersion = 55;
	objects = {

/* Begin PBXBuildFile section */
		AC1BE5C228CAAA420043C010 /* CategoriesTableViewController.swift in Sources */ = {isa = PBXBuildFile; fileRef = AC1BE5C128CAAA420043C010 /* CategoriesTableViewController.swift */; };
		AC1BE5C428CAAA760043C010 /* MovieFormViewController.swift in Sources */ = {isa = PBXBuildFile; fileRef = AC1BE5C328CAAA760043C010 /* MovieFormViewController.swift */; };
		AC1BE5C728CAAD980043C010 /* MoviesLib.xcdatamodeld in Sources */ = {isa = PBXBuildFile; fileRef = AC1BE5C528CAAD980043C010 /* MoviesLib.xcdatamodeld */; };
		AC1BE5C928CABA880043C010 /* ViewController+Context.swift in Sources */ = {isa = PBXBuildFile; fileRef = AC1BE5C828CABA880043C010 /* ViewController+Context.swift */; };
		AC1D10D428C2E40B00DDE8C2 /* MovieTableViewCell.swift in Sources */ = {isa = PBXBuildFile; fileRef = AC1D10D328C2E40B00DDE8C2 /* MovieTableViewCell.swift */; };
		AC1D10D728C2E6D000DDE8C2 /* Movie+Utils.swift in Sources */ = {isa = PBXBuildFile; fileRef = AC1D10D628C2E6D000DDE8C2 /* Movie+Utils.swift */; };
		AC649DDB28BEC41600407772 /* AppDelegate.swift in Sources */ = {isa = PBXBuildFile; fileRef = AC649DDA28BEC41600407772 /* AppDelegate.swift */; };
		AC649DDD28BEC41600407772 /* SceneDelegate.swift in Sources */ = {isa = PBXBuildFile; fileRef = AC649DDC28BEC41600407772 /* SceneDelegate.swift */; };
		AC649DDF28BEC41600407772 /* MovieDetailViewController.swift in Sources */ = {isa = PBXBuildFile; fileRef = AC649DDE28BEC41600407772 /* MovieDetailViewController.swift */; };
		AC649DE228BEC41600407772 /* Main.storyboard in Resources */ = {isa = PBXBuildFile; fileRef = AC649DE028BEC41600407772 /* Main.storyboard */; };
		AC649DE428BEC41800407772 /* Assets.xcassets in Resources */ = {isa = PBXBuildFile; fileRef = AC649DE328BEC41800407772 /* Assets.xcassets */; };
		AC649DE728BEC41800407772 /* LaunchScreen.storyboard in Resources */ = {isa = PBXBuildFile; fileRef = AC649DE528BEC41800407772 /* LaunchScreen.storyboard */; };
		AC94C11228C2B90A008E7105 /* movies.json in Resources */ = {isa = PBXBuildFile; fileRef = AC94C11128C2B90A008E7105 /* movies.json */; };
		AC94C11E28C2C754008E7105 /* MoviesTableViewController.swift in Sources */ = {isa = PBXBuildFile; fileRef = AC94C11D28C2C754008E7105 /* MoviesTableViewController.swift */; };
/* End PBXBuildFile section */

/* Begin PBXFileReference section */
		AC1BE5C128CAAA420043C010 /* CategoriesTableViewController.swift */ = {isa = PBXFileReference; lastKnownFileType = sourcecode.swift; path = CategoriesTableViewController.swift; sourceTree = "<group>"; };
		AC1BE5C328CAAA760043C010 /* MovieFormViewController.swift */ = {isa = PBXFileReference; lastKnownFileType = sourcecode.swift; path = MovieFormViewController.swift; sourceTree = "<group>"; };
		AC1BE5C628CAAD980043C010 /* MoviesLib.xcdatamodel */ = {isa = PBXFileReference; lastKnownFileType = wrapper.xcdatamodel; path = MoviesLib.xcdatamodel; sourceTree = "<group>"; };
		AC1BE5C828CABA880043C010 /* ViewController+Context.swift */ = {isa = PBXFileReference; lastKnownFileType = sourcecode.swift; path = "ViewController+Context.swift"; sourceTree = "<group>"; };
		AC1D10D328C2E40B00DDE8C2 /* MovieTableViewCell.swift */ = {isa = PBXFileReference; lastKnownFileType = sourcecode.swift; path = MovieTableViewCell.swift; sourceTree = "<group>"; };
		AC1D10D628C2E6D000DDE8C2 /* Movie+Utils.swift */ = {isa = PBXFileReference; lastKnownFileType = sourcecode.swift; path = "Movie+Utils.swift"; sourceTree = "<group>"; };
		AC649DD728BEC41600407772 /* MoviesLib.app */ = {isa = PBXFileReference; explicitFileType = wrapper.application; includeInIndex = 0; path = MoviesLib.app; sourceTree = BUILT_PRODUCTS_DIR; };
		AC649DDA28BEC41600407772 /* AppDelegate.swift */ = {isa = PBXFileReference; lastKnownFileType = sourcecode.swift; path = AppDelegate.swift; sourceTree = "<group>"; };
		AC649DDC28BEC41600407772 /* SceneDelegate.swift */ = {isa = PBXFileReference; lastKnownFileType = sourcecode.swift; path = SceneDelegate.swift; sourceTree = "<group>"; };
		AC649DDE28BEC41600407772 /* MovieDetailViewController.swift */ = {isa = PBXFileReference; lastKnownFileType = sourcecode.swift; path = MovieDetailViewController.swift; sourceTree = "<group>"; };
		AC649DE128BEC41600407772 /* Base */ = {isa = PBXFileReference; lastKnownFileType = file.storyboard; name = Base; path = Base.lproj/Main.storyboard; sourceTree = "<group>"; };
		AC649DE328BEC41800407772 /* Assets.xcassets */ = {isa = PBXFileReference; lastKnownFileType = folder.assetcatalog; path = Assets.xcassets; sourceTree = "<group>"; };
		AC649DE628BEC41800407772 /* Base */ = {isa = PBXFileReference; lastKnownFileType = file.storyboard; name = Base; path = Base.lproj/LaunchScreen.storyboard; sourceTree = "<group>"; };
		AC649DE828BEC41800407772 /* Info.plist */ = {isa = PBXFileReference; lastKnownFileType = text.plist.xml; path = Info.plist; sourceTree = "<group>"; };
		AC94C11128C2B90A008E7105 /* movies.json */ = {isa = PBXFileReference; fileEncoding = 4; lastKnownFileType = text.json; path = movies.json; sourceTree = "<group>"; };
		AC94C11D28C2C754008E7105 /* MoviesTableViewController.swift */ = {isa = PBXFileReference; lastKnownFileType = sourcecode.swift; path = MoviesTableViewController.swift; sourceTree = "<group>"; };
/* End PBXFileReference section */

/* Begin PBXFrameworksBuildPhase section */
		AC649DD428BEC41600407772 /* Frameworks */ = {
			isa = PBXFrameworksBuildPhase;
			buildActionMask = 2147483647;
			files = (
			);
			runOnlyForDeploymentPostprocessing = 0;
		};
/* End PBXFrameworksBuildPhase section */

/* Begin PBXGroup section */
		AC1BE5BC28CAA9360043C010 /* MovieForm */ = {
			isa = PBXGroup;
			children = (
				AC1BE5BE28CAA95E0043C010 /* Controller */,
			);
			path = MovieForm;
			sourceTree = "<group>";
		};
		AC1BE5BE28CAA95E0043C010 /* Controller */ = {
			isa = PBXGroup;
			children = (
				AC1BE5C328CAAA760043C010 /* MovieFormViewController.swift */,
			);
			path = Controller;
			sourceTree = "<group>";
		};
		AC1BE5BF28CAA96A0043C010 /* Categories */ = {
			isa = PBXGroup;
			children = (
				AC1BE5C028CAA9760043C010 /* Controller */,
			);
			path = Categories;
			sourceTree = "<group>";
		};
		AC1BE5C028CAA9760043C010 /* Controller */ = {
			isa = PBXGroup;
			children = (
				AC1BE5C128CAAA420043C010 /* CategoriesTableViewController.swift */,
			);
			path = Controller;
			sourceTree = "<group>";
		};
		AC1D10D228C2E3DA00DDE8C2 /* View */ = {
			isa = PBXGroup;
			children = (
				AC1D10D328C2E40B00DDE8C2 /* MovieTableViewCell.swift */,
			);
			path = View;
			sourceTree = "<group>";
		};
		AC1D10D528C2E69C00DDE8C2 /* Extensions */ = {
			isa = PBXGroup;
			children = (
				AC1D10D628C2E6D000DDE8C2 /* Movie+Utils.swift */,
				AC1BE5C828CABA880043C010 /* ViewController+Context.swift */,
			);
			path = Extensions;
			sourceTree = "<group>";
		};
		AC649DCE28BEC41600407772 = {
			isa = PBXGroup;
			children = (
				AC649DD928BEC41600407772 /* MoviesLib */,
				AC649DD828BEC41600407772 /* Products */,
			);
			sourceTree = "<group>";
		};
		AC649DD828BEC41600407772 /* Products */ = {
			isa = PBXGroup;
			children = (
				AC649DD728BEC41600407772 /* MoviesLib.app */,
			);
			name = Products;
			sourceTree = "<group>";
		};
		AC649DD928BEC41600407772 /* MoviesLib */ = {
			isa = PBXGroup;
			children = (
				AC649DDA28BEC41600407772 /* AppDelegate.swift */,
				AC649DDC28BEC41600407772 /* SceneDelegate.swift */,
				AC1BE5BF28CAA96A0043C010 /* Categories */,
				AC94C11328C2B97E008E7105 /* Files */,
				AC1BE5BC28CAA9360043C010 /* MovieForm */,
				AC94C11B28C2C652008E7105 /* MoviesListing */,
				AC94C11428C2B9AE008E7105 /* MovieDetails */,
				AC94C11628C2BABB008E7105 /* Shared */,
				AC649DE528BEC41800407772 /* LaunchScreen.storyboard */,
				AC649DE028BEC41600407772 /* Main.storyboard */,
				AC649DE328BEC41800407772 /* Assets.xcassets */,
				AC649DE828BEC41800407772 /* Info.plist */,
			);
			path = MoviesLib;
			sourceTree = "<group>";
		};
		AC94C11328C2B97E008E7105 /* Files */ = {
			isa = PBXGroup;
			children = (
				AC94C11128C2B90A008E7105 /* movies.json */,
				AC1BE5C528CAAD980043C010 /* MoviesLib.xcdatamodeld */,
			);
			path = Files;
			sourceTree = "<group>";
		};
		AC94C11428C2B9AE008E7105 /* MovieDetails */ = {
			isa = PBXGroup;
			children = (
				AC94C11528C2B9D6008E7105 /* Controller */,
			);
			path = MovieDetails;
			sourceTree = "<group>";
		};
		AC94C11528C2B9D6008E7105 /* Controller */ = {
			isa = PBXGroup;
			children = (
				AC649DDE28BEC41600407772 /* MovieDetailViewController.swift */,
			);
			path = Controller;
			sourceTree = "<group>";
		};
		AC94C11628C2BABB008E7105 /* Shared */ = {
			isa = PBXGroup;
			children = (
				AC1D10D528C2E69C00DDE8C2 /* Extensions */,
				AC94C11A28C2BB1A008E7105 /* Model */,
			);
			path = Shared;
			sourceTree = "<group>";
		};
		AC94C11A28C2BB1A008E7105 /* Model */ = {
			isa = PBXGroup;
			children = (
			);
			path = Model;
			sourceTree = "<group>";
		};
		AC94C11B28C2C652008E7105 /* MoviesListing */ = {
			isa = PBXGroup;
			children = (
				AC1D10D228C2E3DA00DDE8C2 /* View */,
				AC94C11C28C2C66C008E7105 /* Controller */,
			);
			path = MoviesListing;
			sourceTree = "<group>";
		};
		AC94C11C28C2C66C008E7105 /* Controller */ = {
			isa = PBXGroup;
			children = (
				AC94C11D28C2C754008E7105 /* MoviesTableViewController.swift */,
			);
			path = Controller;
			sourceTree = "<group>";
		};
/* End PBXGroup section */

/* Begin PBXNativeTarget section */
		AC649DD628BEC41600407772 /* MoviesLib */ = {
			isa = PBXNativeTarget;
			buildConfigurationList = AC649DEB28BEC41800407772 /* Build configuration list for PBXNativeTarget "MoviesLib" */;
			buildPhases = (
				AC649DD328BEC41600407772 /* Sources */,
				AC649DD428BEC41600407772 /* Frameworks */,
				AC649DD528BEC41600407772 /* Resources */,
			);
			buildRules = (
			);
			dependencies = (
			);
			name = MoviesLib;
			productName = MoviesLib;
			productReference = AC649DD728BEC41600407772 /* MoviesLib.app */;
			productType = "com.apple.product-type.application";
		};
/* End PBXNativeTarget section */

/* Begin PBXProject section */
		AC649DCF28BEC41600407772 /* Project object */ = {
			isa = PBXProject;
			attributes = {
				BuildIndependentTargetsInParallel = 1;
				LastSwiftUpdateCheck = 1340;
				LastUpgradeCheck = 1340;
				TargetAttributes = {
					AC649DD628BEC41600407772 = {
						CreatedOnToolsVersion = 13.4;
					};
				};
			};
			buildConfigurationList = AC649DD228BEC41600407772 /* Build configuration list for PBXProject "MoviesLib" */;
			compatibilityVersion = "Xcode 13.0";
			developmentRegion = en;
			hasScannedForEncodings = 0;
			knownRegions = (
				en,
				Base,
			);
			mainGroup = AC649DCE28BEC41600407772;
			productRefGroup = AC649DD828BEC41600407772 /* Products */;
			projectDirPath = "";
			projectRoot = "";
			targets = (
				AC649DD628BEC41600407772 /* MoviesLib */,
			);
		};
/* End PBXProject section */

/* Begin PBXResourcesBuildPhase section */
		AC649DD528BEC41600407772 /* Resources */ = {
			isa = PBXResourcesBuildPhase;
			buildActionMask = 2147483647;
			files = (
				AC649DE728BEC41800407772 /* LaunchScreen.storyboard in Resources */,
				AC649DE428BEC41800407772 /* Assets.xcassets in Resources */,
				AC94C11228C2B90A008E7105 /* movies.json in Resources */,
				AC649DE228BEC41600407772 /* Main.storyboard in Resources */,
			);
			runOnlyForDeploymentPostprocessing = 0;
		};
/* End PBXResourcesBuildPhase section */

/* Begin PBXSourcesBuildPhase section */
		AC649DD328BEC41600407772 /* Sources */ = {
			isa = PBXSourcesBuildPhase;
			buildActionMask = 2147483647;
			files = (
				AC649DDF28BEC41600407772 /* MovieDetailViewController.swift in Sources */,
				AC649DDB28BEC41600407772 /* AppDelegate.swift in Sources */,
				AC1D10D428C2E40B00DDE8C2 /* MovieTableViewCell.swift in Sources */,
				AC1BE5C228CAAA420043C010 /* CategoriesTableViewController.swift in Sources */,
				AC1D10D728C2E6D000DDE8C2 /* Movie+Utils.swift in Sources */,
				AC94C11E28C2C754008E7105 /* MoviesTableViewController.swift in Sources */,
				AC1BE5C928CABA880043C010 /* ViewController+Context.swift in Sources */,
				AC649DDD28BEC41600407772 /* SceneDelegate.swift in Sources */,
				AC1BE5C728CAAD980043C010 /* MoviesLib.xcdatamodeld in Sources */,
				AC1BE5C428CAAA760043C010 /* MovieFormViewController.swift in Sources */,
			);
			runOnlyForDeploymentPostprocessing = 0;
		};
/* End PBXSourcesBuildPhase section */

/* Begin PBXVariantGroup section */
		AC649DE028BEC41600407772 /* Main.storyboard */ = {
			isa = PBXVariantGroup;
			children = (
				AC649DE128BEC41600407772 /* Base */,
			);
			name = Main.storyboard;
			sourceTree = "<group>";
		};
		AC649DE528BEC41800407772 /* LaunchScreen.storyboard */ = {
			isa = PBXVariantGroup;
			children = (
				AC649DE628BEC41800407772 /* Base */,
			);
			name = LaunchScreen.storyboard;
			sourceTree = "<group>";
		};
/* End PBXVariantGroup section */

/* Begin XCBuildConfiguration section */
		AC649DE928BEC41800407772 /* Debug */ = {
			isa = XCBuildConfiguration;
			buildSettings = {
				ALWAYS_SEARCH_USER_PATHS = NO;
				CLANG_ANALYZER_NONNULL = YES;
				CLANG_ANALYZER_NUMBER_OBJECT_CONVERSION = YES_AGGRESSIVE;
				CLANG_CXX_LANGUAGE_STANDARD = "gnu++17";
				CLANG_ENABLE_MODULES = YES;
				CLANG_ENABLE_OBJC_ARC = YES;
				CLANG_ENABLE_OBJC_WEAK = YES;
				CLANG_WARN_BLOCK_CAPTURE_AUTORELEASING = YES;
				CLANG_WARN_BOOL_CONVERSION = YES;
				CLANG_WARN_COMMA = YES;
				CLANG_WARN_CONSTANT_CONVERSION = YES;
				CLANG_WARN_DEPRECATED_OBJC_IMPLEMENTATIONS = YES;
				CLANG_WARN_DIRECT_OBJC_ISA_USAGE = YES_ERROR;
				CLANG_WARN_DOCUMENTATION_COMMENTS = YES;
				CLANG_WARN_EMPTY_BODY = YES;
				CLANG_WARN_ENUM_CONVERSION = YES;
				CLANG_WARN_INFINITE_RECURSION = YES;
				CLANG_WARN_INT_CONVERSION = YES;
				CLANG_WARN_NON_LITERAL_NULL_CONVERSION = YES;
				CLANG_WARN_OBJC_IMPLICIT_RETAIN_SELF = YES;
				CLANG_WARN_OBJC_LITERAL_CONVERSION = YES;
				CLANG_WARN_OBJC_ROOT_CLASS = YES_ERROR;
				CLANG_WARN_QUOTED_INCLUDE_IN_FRAMEWORK_HEADER = YES;
				CLANG_WARN_RANGE_LOOP_ANALYSIS = YES;
				CLANG_WARN_STRICT_PROTOTYPES = YES;
				CLANG_WARN_SUSPICIOUS_MOVE = YES;
				CLANG_WARN_UNGUARDED_AVAILABILITY = YES_AGGRESSIVE;
				CLANG_WARN_UNREACHABLE_CODE = YES;
				CLANG_WARN__DUPLICATE_METHOD_MATCH = YES;
				COPY_PHASE_STRIP = NO;
				DEBUG_INFORMATION_FORMAT = dwarf;
				ENABLE_STRICT_OBJC_MSGSEND = YES;
				ENABLE_TESTABILITY = YES;
				GCC_C_LANGUAGE_STANDARD = gnu11;
				GCC_DYNAMIC_NO_PIC = NO;
				GCC_NO_COMMON_BLOCKS = YES;
				GCC_OPTIMIZATION_LEVEL = 0;
				GCC_PREPROCESSOR_DEFINITIONS = (
					"DEBUG=1",
					"$(inherited)",
				);
				GCC_WARN_64_TO_32_BIT_CONVERSION = YES;
				GCC_WARN_ABOUT_RETURN_TYPE = YES_ERROR;
				GCC_WARN_UNDECLARED_SELECTOR = YES;
				GCC_WARN_UNINITIALIZED_AUTOS = YES_AGGRESSIVE;
				GCC_WARN_UNUSED_FUNCTION = YES;
				GCC_WARN_UNUSED_VARIABLE = YES;
				IPHONEOS_DEPLOYMENT_TARGET = 15.5;
				MTL_ENABLE_DEBUG_INFO = INCLUDE_SOURCE;
				MTL_FAST_MATH = YES;
				ONLY_ACTIVE_ARCH = YES;
				SDKROOT = iphoneos;
				SWIFT_ACTIVE_COMPILATION_CONDITIONS = DEBUG;
				SWIFT_OPTIMIZATION_LEVEL = "-Onone";
			};
			name = Debug;
		};
		AC649DEA28BEC41800407772 /* Release */ = {
			isa = XCBuildConfiguration;
			buildSettings = {
				ALWAYS_SEARCH_USER_PATHS = NO;
				CLANG_ANALYZER_NONNULL = YES;
				CLANG_ANALYZER_NUMBER_OBJECT_CONVERSION = YES_AGGRESSIVE;
				CLANG_CXX_LANGUAGE_STANDARD = "gnu++17";
				CLANG_ENABLE_MODULES = YES;
				CLANG_ENABLE_OBJC_ARC = YES;
				CLANG_ENABLE_OBJC_WEAK = YES;
				CLANG_WARN_BLOCK_CAPTURE_AUTORELEASING = YES;
				CLANG_WARN_BOOL_CONVERSION = YES;
				CLANG_WARN_COMMA = YES;
				CLANG_WARN_CONSTANT_CONVERSION = YES;
				CLANG_WARN_DEPRECATED_OBJC_IMPLEMENTATIONS = YES;
				CLANG_WARN_DIRECT_OBJC_ISA_USAGE = YES_ERROR;
				CLANG_WARN_DOCUMENTATION_COMMENTS = YES;
				CLANG_WARN_EMPTY_BODY = YES;
				CLANG_WARN_ENUM_CONVERSION = YES;
				CLANG_WARN_INFINITE_RECURSION = YES;
				CLANG_WARN_INT_CONVERSION = YES;
				CLANG_WARN_NON_LITERAL_NULL_CONVERSION = YES;
				CLANG_WARN_OBJC_IMPLICIT_RETAIN_SELF = YES;
				CLANG_WARN_OBJC_LITERAL_CONVERSION = YES;
				CLANG_WARN_OBJC_ROOT_CLASS = YES_ERROR;
				CLANG_WARN_QUOTED_INCLUDE_IN_FRAMEWORK_HEADER = YES;
				CLANG_WARN_RANGE_LOOP_ANALYSIS = YES;
				CLANG_WARN_STRICT_PROTOTYPES = YES;
				CLANG_WARN_SUSPICIOUS_MOVE = YES;
				CLANG_WARN_UNGUARDED_AVAILABILITY = YES_AGGRESSIVE;
				CLANG_WARN_UNREACHABLE_CODE = YES;
				CLANG_WARN__DUPLICATE_METHOD_MATCH = YES;
				COPY_PHASE_STRIP = NO;
				DEBUG_INFORMATION_FORMAT = "dwarf-with-dsym";
				ENABLE_NS_ASSERTIONS = NO;
				ENABLE_STRICT_OBJC_MSGSEND = YES;
				GCC_C_LANGUAGE_STANDARD = gnu11;
				GCC_NO_COMMON_BLOCKS = YES;
				GCC_WARN_64_TO_32_BIT_CONVERSION = YES;
				GCC_WARN_ABOUT_RETURN_TYPE = YES_ERROR;
				GCC_WARN_UNDECLARED_SELECTOR = YES;
				GCC_WARN_UNINITIALIZED_AUTOS = YES_AGGRESSIVE;
				GCC_WARN_UNUSED_FUNCTION = YES;
				GCC_WARN_UNUSED_VARIABLE = YES;
				IPHONEOS_DEPLOYMENT_TARGET = 15.5;
				MTL_ENABLE_DEBUG_INFO = NO;
				MTL_FAST_MATH = YES;
				SDKROOT = iphoneos;
				SWIFT_COMPILATION_MODE = wholemodule;
				SWIFT_OPTIMIZATION_LEVEL = "-O";
				VALIDATE_PRODUCT = YES;
			};
			name = Release;
		};
		AC649DEC28BEC41800407772 /* Debug */ = {
			isa = XCBuildConfiguration;
			buildSettings = {
				ASSETCATALOG_COMPILER_APPICON_NAME = AppIcon;
				ASSETCATALOG_COMPILER_GLOBAL_ACCENT_COLOR_NAME = AccentColor;
				CODE_SIGN_STYLE = Automatic;
				CURRENT_PROJECT_VERSION = 1;
				GENERATE_INFOPLIST_FILE = YES;
				INFOPLIST_FILE = MoviesLib/Info.plist;
				INFOPLIST_KEY_UIApplicationSupportsIndirectInputEvents = YES;
				INFOPLIST_KEY_UILaunchStoryboardName = LaunchScreen;
				INFOPLIST_KEY_UIMainStoryboardFile = Main;
				INFOPLIST_KEY_UISupportedInterfaceOrientations = "";
				INFOPLIST_KEY_UISupportedInterfaceOrientations_iPad = "UIInterfaceOrientationPortrait UIInterfaceOrientationPortraitUpsideDown UIInterfaceOrientationLandscapeLeft UIInterfaceOrientationLandscapeRight";
				INFOPLIST_KEY_UISupportedInterfaceOrientations_iPhone = "UIInterfaceOrientationPortrait UIInterfaceOrientationLandscapeLeft UIInterfaceOrientationLandscapeRight";
				LD_RUNPATH_SEARCH_PATHS = (
					"$(inherited)",
					"@executable_path/Frameworks",
				);
				MARKETING_VERSION = 1.0;
				PRODUCT_BUNDLE_IDENTIFIER = com.mvclopes.MoviesLib;
				PRODUCT_NAME = "$(TARGET_NAME)";
				SWIFT_EMIT_LOC_STRINGS = YES;
				SWIFT_VERSION = 5.0;
				TARGETED_DEVICE_FAMILY = "1,2";
			};
			name = Debug;
		};
		AC649DED28BEC41800407772 /* Release */ = {
			isa = XCBuildConfiguration;
			buildSettings = {
				ASSETCATALOG_COMPILER_APPICON_NAME = AppIcon;
				ASSETCATALOG_COMPILER_GLOBAL_ACCENT_COLOR_NAME = AccentColor;
				CODE_SIGN_STYLE = Automatic;
				CURRENT_PROJECT_VERSION = 1;
				GENERATE_INFOPLIST_FILE = YES;
				INFOPLIST_FILE = MoviesLib/Info.plist;
				INFOPLIST_KEY_UIApplicationSupportsIndirectInputEvents = YES;
				INFOPLIST_KEY_UILaunchStoryboardName = LaunchScreen;
				INFOPLIST_KEY_UIMainStoryboardFile = Main;
				INFOPLIST_KEY_UISupportedInterfaceOrientations = "";
				INFOPLIST_KEY_UISupportedInterfaceOrientations_iPad = "UIInterfaceOrientationPortrait UIInterfaceOrientationPortraitUpsideDown UIInterfaceOrientationLandscapeLeft UIInterfaceOrientationLandscapeRight";
				INFOPLIST_KEY_UISupportedInterfaceOrientations_iPhone = "UIInterfaceOrientationPortrait UIInterfaceOrientationLandscapeLeft UIInterfaceOrientationLandscapeRight";
				LD_RUNPATH_SEARCH_PATHS = (
					"$(inherited)",
					"@executable_path/Frameworks",
				);
				MARKETING_VERSION = 1.0;
				PRODUCT_BUNDLE_IDENTIFIER = com.mvclopes.MoviesLib;
				PRODUCT_NAME = "$(TARGET_NAME)";
				SWIFT_EMIT_LOC_STRINGS = YES;
				SWIFT_VERSION = 5.0;
				TARGETED_DEVICE_FAMILY = "1,2";
			};
			name = Release;
		};
/* End XCBuildConfiguration section */

/* Begin XCConfigurationList section */
		AC649DD228BEC41600407772 /* Build configuration list for PBXProject "MoviesLib" */ = {
			isa = XCConfigurationList;
			buildConfigurations = (
				AC649DE928BEC41800407772 /* Debug */,
				AC649DEA28BEC41800407772 /* Release */,
			);
			defaultConfigurationIsVisible = 0;
			defaultConfigurationName = Release;
		};
		AC649DEB28BEC41800407772 /* Build configuration list for PBXNativeTarget "MoviesLib" */ = {
			isa = XCConfigurationList;
			buildConfigurations = (
				AC649DEC28BEC41800407772 /* Debug */,
				AC649DED28BEC41800407772 /* Release */,
			);
			defaultConfigurationIsVisible = 0;
			defaultConfigurationName = Release;
		};
/* End XCConfigurationList section */

/* Begin XCVersionGroup section */
		AC1BE5C528CAAD980043C010 /* MoviesLib.xcdatamodeld */ = {
			isa = XCVersionGroup;
			children = (
				AC1BE5C628CAAD980043C010 /* MoviesLib.xcdatamodel */,
			);
			currentVersion = AC1BE5C628CAAD980043C010 /* MoviesLib.xcdatamodel */;
			path = MoviesLib.xcdatamodeld;
			sourceTree = "<group>";
			versionGroupType = wrapper.xcdatamodel;
		};
/* End XCVersionGroup section */
	};
	rootObject = AC649DCF28BEC41600407772 /* Project object */;
}
